# This file is automatically @generated by Cargo.
# It is not intended for manual editing.
version = 4

[[package]]
name = "stress"
version = "1.0.0"
source = "git+https://github.com/yukiisen/stress.git#df2b70a993d55b204b57bbab650f8a09d73b436b"

[[package]]
name = "svr"
version = "0.1.0"
dependencies = [
 "stress",
]
